// !$*UTF8*$!
{
	archiveVersion = 1;
	classes = {
	};
	objectVersion = 50;
	objects = {

/* Begin PBXBuildFile section */
		1801FA1D2514890B00693980 /* AppDelegate.m in Sources */ = {isa = PBXBuildFile; fileRef = 1801FA1C2514890B00693980 /* AppDelegate.m */; };
		1801FA202514890B00693980 /* SceneDelegate.m in Sources */ = {isa = PBXBuildFile; fileRef = 1801FA1F2514890B00693980 /* SceneDelegate.m */; };
		1801FA232514890B00693980 /* ViewController.m in Sources */ = {isa = PBXBuildFile; fileRef = 1801FA222514890B00693980 /* ViewController.m */; };
		1801FA262514890B00693980 /* Main.storyboard in Resources */ = {isa = PBXBuildFile; fileRef = 1801FA242514890B00693980 /* Main.storyboard */; };
		1801FA282514890F00693980 /* Assets.xcassets in Resources */ = {isa = PBXBuildFile; fileRef = 1801FA272514890F00693980 /* Assets.xcassets */; };
		1801FA2B2514890F00693980 /* LaunchScreen.storyboard in Resources */ = {isa = PBXBuildFile; fileRef = 1801FA292514890F00693980 /* LaunchScreen.storyboard */; };
		1801FA2E2514890F00693980 /* main.m in Sources */ = {isa = PBXBuildFile; fileRef = 1801FA2D2514890F00693980 /* main.m */; };
		1801FA382514891000693980 /* _02___Tests.m in Sources */ = {isa = PBXBuildFile; fileRef = 1801FA372514891000693980 /* _02___Tests.m */; };
		1801FA432514891000693980 /* _02___UITests.m in Sources */ = {isa = PBXBuildFile; fileRef = 1801FA422514891000693980 /* _02___UITests.m */; };
		1801FA6E2514896600693980 /* sceneUtil.m in Sources */ = {isa = PBXBuildFile; fileRef = 1801FA6B2514896400693980 /* sceneUtil.m */; };
		1801FA6F2514896600693980 /* AGLKVertexAttribArrayBuffer.m in Sources */ = {isa = PBXBuildFile; fileRef = 1801FA6D2514896600693980 /* AGLKVertexAttribArrayBuffer.m */; };
/* End PBXBuildFile section */

/* Begin PBXContainerItemProxy section */
		1801FA342514891000693980 /* PBXContainerItemProxy */ = {
			isa = PBXContainerItemProxy;
			containerPortal = 1801FA102514890B00693980 /* Project object */;
			proxyType = 1;
			remoteGlobalIDString = 1801FA172514890B00693980;
			remoteInfo = "002-光照";
		};
		1801FA3F2514891000693980 /* PBXContainerItemProxy */ = {
			isa = PBXContainerItemProxy;
			containerPortal = 1801FA102514890B00693980 /* Project object */;
			proxyType = 1;
			remoteGlobalIDString = 1801FA172514890B00693980;
			remoteInfo = "002-光照";
		};
/* End PBXContainerItemProxy section */

/* Begin PBXFileReference section */
		1801FA182514890B00693980 /* 002-光照.app */ = {isa = PBXFileReference; explicitFileType = wrapper.application; includeInIndex = 0; path = "002-光照.app"; sourceTree = BUILT_PRODUCTS_DIR; };
		1801FA1B2514890B00693980 /* AppDelegate.h */ = {isa = PBXFileReference; lastKnownFileType = sourcecode.c.h; path = AppDelegate.h; sourceTree = "<group>"; };
		1801FA1C2514890B00693980 /* AppDelegate.m */ = {isa = PBXFileReference; lastKnownFileType = sourcecode.c.objc; path = AppDelegate.m; sourceTree = "<group>"; };
		1801FA1E2514890B00693980 /* SceneDelegate.h */ = {isa = PBXFileReference; lastKnownFileType = sourcecode.c.h; path = SceneDelegate.h; sourceTree = "<group>"; };
		1801FA1F2514890B00693980 /* SceneDelegate.m */ = {isa = PBXFileReference; lastKnownFileType = sourcecode.c.objc; path = SceneDelegate.m; sourceTree = "<group>"; };
		1801FA212514890B00693980 /* ViewController.h */ = {isa = PBXFileReference; lastKnownFileType = sourcecode.c.h; path = ViewController.h; sourceTree = "<group>"; };
		1801FA222514890B00693980 /* ViewController.m */ = {isa = PBXFileReference; lastKnownFileType = sourcecode.c.objc; path = ViewController.m; sourceTree = "<group>"; };
		1801FA252514890B00693980 /* Base */ = {isa = PBXFileReference; lastKnownFileType = file.storyboard; name = Base; path = Base.lproj/Main.storyboard; sourceTree = "<group>"; };
		1801FA272514890F00693980 /* Assets.xcassets */ = {isa = PBXFileReference; lastKnownFileType = folder.assetcatalog; path = Assets.xcassets; sourceTree = "<group>"; };
		1801FA2A2514890F00693980 /* Base */ = {isa = PBXFileReference; lastKnownFileType = file.storyboard; name = Base; path = Base.lproj/LaunchScreen.storyboard; sourceTree = "<group>"; };
		1801FA2C2514890F00693980 /* Info.plist */ = {isa = PBXFileReference; lastKnownFileType = text.plist.xml; path = Info.plist; sourceTree = "<group>"; };
		1801FA2D2514890F00693980 /* main.m */ = {isa = PBXFileReference; lastKnownFileType = sourcecode.c.objc; path = main.m; sourceTree = "<group>"; };
		1801FA332514891000693980 /* 002-光照Tests.xctest */ = {isa = PBXFileReference; explicitFileType = wrapper.cfbundle; includeInIndex = 0; path = "002-光照Tests.xctest"; sourceTree = BUILT_PRODUCTS_DIR; };
		1801FA372514891000693980 /* _02___Tests.m */ = {isa = PBXFileReference; lastKnownFileType = sourcecode.c.objc; path = "_02___Tests.m"; sourceTree = "<group>"; };
		1801FA392514891000693980 /* Info.plist */ = {isa = PBXFileReference; lastKnownFileType = text.plist.xml; path = Info.plist; sourceTree = "<group>"; };
		1801FA3E2514891000693980 /* 002-光照UITests.xctest */ = {isa = PBXFileReference; explicitFileType = wrapper.cfbundle; includeInIndex = 0; path = "002-光照UITests.xctest"; sourceTree = BUILT_PRODUCTS_DIR; };
		1801FA422514891000693980 /* _02___UITests.m */ = {isa = PBXFileReference; lastKnownFileType = sourcecode.c.objc; path = "_02___UITests.m"; sourceTree = "<group>"; };
		1801FA442514891000693980 /* Info.plist */ = {isa = PBXFileReference; lastKnownFileType = text.plist.xml; path = Info.plist; sourceTree = "<group>"; };
		1801FA6A2514896300693980 /* AGLKVertexAttribArrayBuffer.h */ = {isa = PBXFileReference; fileEncoding = 4; lastKnownFileType = sourcecode.c.h; path = AGLKVertexAttribArrayBuffer.h; sourceTree = "<group>"; };
		1801FA6B2514896400693980 /* sceneUtil.m */ = {isa = PBXFileReference; fileEncoding = 4; lastKnownFileType = sourcecode.c.objc; path = sceneUtil.m; sourceTree = "<group>"; };
		1801FA6C2514896400693980 /* sceneUtil.h */ = {isa = PBXFileReference; fileEncoding = 4; lastKnownFileType = sourcecode.c.h; path = sceneUtil.h; sourceTree = "<group>"; };
		1801FA6D2514896600693980 /* AGLKVertexAttribArrayBuffer.m */ = {isa = PBXFileReference; fileEncoding = 4; lastKnownFileType = sourcecode.c.objc; path = AGLKVertexAttribArrayBuffer.m; sourceTree = "<group>"; };
/* End PBXFileReference section */

/* Begin PBXFrameworksBuildPhase section */
		1801FA152514890B00693980 /* Frameworks */ = {
			isa = PBXFrameworksBuildPhase;
			buildActionMask = 2147483647;
			files = (
			);
			runOnlyForDeploymentPostprocessing = 0;
		};
		1801FA302514891000693980 /* Frameworks */ = {
			isa = PBXFrameworksBuildPhase;
			buildActionMask = 2147483647;
			files = (
			);
			runOnlyForDeploymentPostprocessing = 0;
		};
		1801FA3B2514891000693980 /* Frameworks */ = {
			isa = PBXFrameworksBuildPhase;
			buildActionMask = 2147483647;
			files = (
			);
			runOnlyForDeploymentPostprocessing = 0;
		};
/* End PBXFrameworksBuildPhase section */

/* Begin PBXGroup section */
		1801FA0F2514890B00693980 = {
			isa = PBXGroup;
			children = (
				1801FA1A2514890B00693980 /* 002-光照 */,
				1801FA362514891000693980 /* 002-光照Tests */,
				1801FA412514891000693980 /* 002-光照UITests */,
				1801FA192514890B00693980 /* Products */,
			);
			sourceTree = "<group>";
		};
		1801FA192514890B00693980 /* Products */ = {
			isa = PBXGroup;
			children = (
				1801FA182514890B00693980 /* 002-光照.app */,
				1801FA332514891000693980 /* 002-光照Tests.xctest */,
				1801FA3E2514891000693980 /* 002-光照UITests.xctest */,
			);
			name = Products;
			sourceTree = "<group>";
		};
		1801FA1A2514890B00693980 /* 002-光照 */ = {
			isa = PBXGroup;
			children = (
				1801FA692514895B00693980 /* Kit */,
				1801FA1B2514890B00693980 /* AppDelegate.h */,
				1801FA1C2514890B00693980 /* AppDelegate.m */,
				1801FA1E2514890B00693980 /* SceneDelegate.h */,
				1801FA1F2514890B00693980 /* SceneDelegate.m */,
				1801FA212514890B00693980 /* ViewController.h */,
				1801FA222514890B00693980 /* ViewController.m */,
				1801FA242514890B00693980 /* Main.storyboard */,
				1801FA272514890F00693980 /* Assets.xcassets */,
				1801FA292514890F00693980 /* LaunchScreen.storyboard */,
				1801FA2C2514890F00693980 /* Info.plist */,
				1801FA2D2514890F00693980 /* main.m */,
			);
			path = "002-光照";
			sourceTree = "<group>";
		};
		1801FA362514891000693980 /* 002-光照Tests */ = {
			isa = PBXGroup;
			children = (
				1801FA372514891000693980 /* _02___Tests.m */,
				1801FA392514891000693980 /* Info.plist */,
			);
			path = "002-光照Tests";
			sourceTree = "<group>";
		};
		1801FA412514891000693980 /* 002-光照UITests */ = {
			isa = PBXGroup;
			children = (
				1801FA422514891000693980 /* _02___UITests.m */,
				1801FA442514891000693980 /* Info.plist */,
			);
			path = "002-光照UITests";
			sourceTree = "<group>";
		};
		1801FA692514895B00693980 /* Kit */ = {
			isa = PBXGroup;
			children = (
				1801FA6A2514896300693980 /* AGLKVertexAttribArrayBuffer.h */,
				1801FA6D2514896600693980 /* AGLKVertexAttribArrayBuffer.m */,
				1801FA6C2514896400693980 /* sceneUtil.h */,
				1801FA6B2514896400693980 /* sceneUtil.m */,
			);
			path = Kit;
			sourceTree = "<group>";
		};
/* End PBXGroup section */

/* Begin PBXNativeTarget section */
		1801FA172514890B00693980 /* 002-光照 */ = {
			isa = PBXNativeTarget;
			buildConfigurationList = 1801FA472514891000693980 /* Build configuration list for PBXNativeTarget "002-光照" */;
			buildPhases = (
				1801FA142514890B00693980 /* Sources */,
				1801FA152514890B00693980 /* Frameworks */,
				1801FA162514890B00693980 /* Resources */,
			);
			buildRules = (
			);
			dependencies = (
			);
			name = "002-光照";
			productName = "002-光照";
			productReference = 1801FA182514890B00693980 /* 002-光照.app */;
			productType = "com.apple.product-type.application";
		};
		1801FA322514891000693980 /* 002-光照Tests */ = {
			isa = PBXNativeTarget;
			buildConfigurationList = 1801FA4A2514891000693980 /* Build configuration list for PBXNativeTarget "002-光照Tests" */;
			buildPhases = (
				1801FA2F2514891000693980 /* Sources */,
				1801FA302514891000693980 /* Frameworks */,
				1801FA312514891000693980 /* Resources */,
			);
			buildRules = (
			);
			dependencies = (
				1801FA352514891000693980 /* PBXTargetDependency */,
			);
			name = "002-光照Tests";
			productName = "002-光照Tests";
			productReference = 1801FA332514891000693980 /* 002-光照Tests.xctest */;
			productType = "com.apple.product-type.bundle.unit-test";
		};
		1801FA3D2514891000693980 /* 002-光照UITests */ = {
			isa = PBXNativeTarget;
			buildConfigurationList = 1801FA4D2514891000693980 /* Build configuration list for PBXNativeTarget "002-光照UITests" */;
			buildPhases = (
				1801FA3A2514891000693980 /* Sources */,
				1801FA3B2514891000693980 /* Frameworks */,
				1801FA3C2514891000693980 /* Resources */,
			);
			buildRules = (
			);
			dependencies = (
				1801FA402514891000693980 /* PBXTargetDependency */,
			);
			name = "002-光照UITests";
			productName = "002-光照UITests";
			productReference = 1801FA3E2514891000693980 /* 002-光照UITests.xctest */;
			productType = "com.apple.product-type.bundle.ui-testing";
		};
/* End PBXNativeTarget section */

/* Begin PBXProject section */
		1801FA102514890B00693980 /* Project object */ = {
			isa = PBXProject;
			attributes = {
				LastUpgradeCheck = 1130;
				ORGANIZATIONNAME = "张义镇";
				TargetAttributes = {
					1801FA172514890B00693980 = {
						CreatedOnToolsVersion = 11.3.1;
					};
					1801FA322514891000693980 = {
						CreatedOnToolsVersion = 11.3.1;
						TestTargetID = 1801FA172514890B00693980;
					};
					1801FA3D2514891000693980 = {
						CreatedOnToolsVersion = 11.3.1;
						TestTargetID = 1801FA172514890B00693980;
					};
				};
			};
			buildConfigurationList = 1801FA132514890B00693980 /* Build configuration list for PBXProject "002-光照" */;
			compatibilityVersion = "Xcode 9.3";
			developmentRegion = en;
			hasScannedForEncodings = 0;
			knownRegions = (
				en,
				Base,
			);
			mainGroup = 1801FA0F2514890B00693980;
			productRefGroup = 1801FA192514890B00693980 /* Products */;
			projectDirPath = "";
			projectRoot = "";
			targets = (
				1801FA172514890B00693980 /* 002-光照 */,
				1801FA322514891000693980 /* 002-光照Tests */,
				1801FA3D2514891000693980 /* 002-光照UITests */,
			);
		};
/* End PBXProject section */

/* Begin PBXResourcesBuildPhase section */
		1801FA162514890B00693980 /* Resources */ = {
			isa = PBXResourcesBuildPhase;
			buildActionMask = 2147483647;
			files = (
				1801FA2B2514890F00693980 /* LaunchScreen.storyboard in Resources */,
				1801FA282514890F00693980 /* Assets.xcassets in Resources */,
				1801FA262514890B00693980 /* Main.storyboard in Resources */,
			);
			runOnlyForDeploymentPostprocessing = 0;
		};
		1801FA312514891000693980 /* Resources */ = {
			isa = PBXResourcesBuildPhase;
			buildActionMask = 2147483647;
			files = (
			);
			runOnlyForDeploymentPostprocessing = 0;
		};
		1801FA3C2514891000693980 /* Resources */ = {
			isa = PBXResourcesBuildPhase;
			buildActionMask = 2147483647;
			files = (
			);
			runOnlyForDeploymentPostprocessing = 0;
		};
/* End PBXResourcesBuildPhase section */

/* Begin PBXSourcesBuildPhase section */
		1801FA142514890B00693980 /* Sources */ = {
			isa = PBXSourcesBuildPhase;
			buildActionMask = 2147483647;
			files = (
				1801FA6F2514896600693980 /* AGLKVertexAttribArrayBuffer.m in Sources */,
				1801FA232514890B00693980 /* ViewController.m in Sources */,
				1801FA6E2514896600693980 /* sceneUtil.m in Sources */,
				1801FA1D2514890B00693980 /* AppDelegate.m in Sources */,
				1801FA2E2514890F00693980 /* main.m in Sources */,
				1801FA202514890B00693980 /* SceneDelegate.m in Sources */,
			);
			runOnlyForDeploymentPostprocessing = 0;
		};
		1801FA2F2514891000693980 /* Sources */ = {
			isa = PBXSourcesBuildPhase;
			buildActionMask = 2147483647;
			files = (
				1801FA382514891000693980 /* _02___Tests.m in Sources */,
			);
			runOnlyForDeploymentPostprocessing = 0;
		};
		1801FA3A2514891000693980 /* Sources */ = {
			isa = PBXSourcesBuildPhase;
			buildActionMask = 2147483647;
			files = (
				1801FA432514891000693980 /* _02___UITests.m in Sources */,
			);
			runOnlyForDeploymentPostprocessing = 0;
		};
/* End PBXSourcesBuildPhase section */

/* Begin PBXTargetDependency section */
		1801FA352514891000693980 /* PBXTargetDependency */ = {
			isa = PBXTargetDependency;
			target = 1801FA172514890B00693980 /* 002-光照 */;
			targetProxy = 1801FA342514891000693980 /* PBXContainerItemProxy */;
		};
		1801FA402514891000693980 /* PBXTargetDependency */ = {
			isa = PBXTargetDependency;
			target = 1801FA172514890B00693980 /* 002-光照 */;
			targetProxy = 1801FA3F2514891000693980 /* PBXContainerItemProxy */;
		};
/* End PBXTargetDependency section */

/* Begin PBXVariantGroup section */
		1801FA242514890B00693980 /* Main.storyboard */ = {
			isa = PBXVariantGroup;
			children = (
				1801FA252514890B00693980 /* Base */,
			);
			name = Main.storyboard;
			sourceTree = "<group>";
		};
		1801FA292514890F00693980 /* LaunchScreen.storyboard */ = {
			isa = PBXVariantGroup;
			children = (
				1801FA2A2514890F00693980 /* Base */,
			);
			name = LaunchScreen.storyboard;
			sourceTree = "<group>";
		};
/* End PBXVariantGroup section */

/* Begin XCBuildConfiguration section */
		1801FA452514891000693980 /* Debug */ = {
			isa = XCBuildConfiguration;
			buildSettings = {
				ALWAYS_SEARCH_USER_PATHS = NO;
				CLANG_ANALYZER_NONNULL = YES;
				CLANG_ANALYZER_NUMBER_OBJECT_CONVERSION = YES_AGGRESSIVE;
				CLANG_CXX_LANGUAGE_STANDARD = "gnu++14";
				CLANG_CXX_LIBRARY = "libc++";
				CLANG_ENABLE_MODULES = YES;
				CLANG_ENABLE_OBJC_ARC = YES;
				CLANG_ENABLE_OBJC_WEAK = YES;
				CLANG_WARN_BLOCK_CAPTURE_AUTORELEASING = YES;
				CLANG_WARN_BOOL_CONVERSION = YES;
				CLANG_WARN_COMMA = YES;
				CLANG_WARN_CONSTANT_CONVERSION = YES;
				CLANG_WARN_DEPRECATED_OBJC_IMPLEMENTATIONS = YES;
				CLANG_WARN_DIRECT_OBJC_ISA_USAGE = YES_ERROR;
				CLANG_WARN_DOCUMENTATION_COMMENTS = YES;
				CLANG_WARN_EMPTY_BODY = YES;
				CLANG_WARN_ENUM_CONVERSION = YES;
				CLANG_WARN_INFINITE_RECURSION = YES;
				CLANG_WARN_INT_CONVERSION = YES;
				CLANG_WARN_NON_LITERAL_NULL_CONVERSION = YES;
				CLANG_WARN_OBJC_IMPLICIT_RETAIN_SELF = YES;
				CLANG_WARN_OBJC_LITERAL_CONVERSION = YES;
				CLANG_WARN_OBJC_ROOT_CLASS = YES_ERROR;
				CLANG_WARN_RANGE_LOOP_ANALYSIS = YES;
				CLANG_WARN_STRICT_PROTOTYPES = YES;
				CLANG_WARN_SUSPICIOUS_MOVE = YES;
				CLANG_WARN_UNGUARDED_AVAILABILITY = YES_AGGRESSIVE;
				CLANG_WARN_UNREACHABLE_CODE = YES;
				CLANG_WARN__DUPLICATE_METHOD_MATCH = YES;
				COPY_PHASE_STRIP = NO;
				DEBUG_INFORMATION_FORMAT = dwarf;
				ENABLE_STRICT_OBJC_MSGSEND = YES;
				ENABLE_TESTABILITY = YES;
				GCC_C_LANGUAGE_STANDARD = gnu11;
				GCC_DYNAMIC_NO_PIC = NO;
				GCC_NO_COMMON_BLOCKS = YES;
				GCC_OPTIMIZATION_LEVEL = 0;
				GCC_PREPROCESSOR_DEFINITIONS = (
					"DEBUG=1",
					"$(inherited)",
				);
				GCC_WARN_64_TO_32_BIT_CONVERSION = YES;
				GCC_WARN_ABOUT_RETURN_TYPE = YES_ERROR;
				GCC_WARN_UNDECLARED_SELECTOR = YES;
				GCC_WARN_UNINITIALIZED_AUTOS = YES_AGGRESSIVE;
				GCC_WARN_UNUSED_FUNCTION = YES;
				GCC_WARN_UNUSED_VARIABLE = YES;
				IPHONEOS_DEPLOYMENT_TARGET = 13.2;
				MTL_ENABLE_DEBUG_INFO = INCLUDE_SOURCE;
				MTL_FAST_MATH = YES;
				ONLY_ACTIVE_ARCH = YES;
				SDKROOT = iphoneos;
			};
			name = Debug;
		};
		1801FA462514891000693980 /* Release */ = {
			isa = XCBuildConfiguration;
			buildSettings = {
				ALWAYS_SEARCH_USER_PATHS = NO;
				CLANG_ANALYZER_NONNULL = YES;
				CLANG_ANALYZER_NUMBER_OBJECT_CONVERSION = YES_AGGRESSIVE;
				CLANG_CXX_LANGUAGE_STANDARD = "gnu++14";
				CLANG_CXX_LIBRARY = "libc++";
				CLANG_ENABLE_MODULES = YES;
				CLANG_ENABLE_OBJC_ARC = YES;
				CLANG_ENABLE_OBJC_WEAK = YES;
				CLANG_WARN_BLOCK_CAPTURE_AUTORELEASING = YES;
				CLANG_WARN_BOOL_CONVERSION = YES;
				CLANG_WARN_COMMA = YES;
				CLANG_WARN_CONSTANT_CONVERSION = YES;
				CLANG_WARN_DEPRECATED_OBJC_IMPLEMENTATIONS = YES;
				CLANG_WARN_DIRECT_OBJC_ISA_USAGE = YES_ERROR;
				CLANG_WARN_DOCUMENTATION_COMMENTS = YES;
				CLANG_WARN_EMPTY_BODY = YES;
				CLANG_WARN_ENUM_CONVERSION = YES;
				CLANG_WARN_INFINITE_RECURSION = YES;
				CLANG_WARN_INT_CONVERSION = YES;
				CLANG_WARN_NON_LITERAL_NULL_CONVERSION = YES;
				CLANG_WARN_OBJC_IMPLICIT_RETAIN_SELF = YES;
				CLANG_WARN_OBJC_LITERAL_CONVERSION = YES;
				CLANG_WARN_OBJC_ROOT_CLASS = YES_ERROR;
				CLANG_WARN_RANGE_LOOP_ANALYSIS = YES;
				CLANG_WARN_STRICT_PROTOTYPES = YES;
				CLANG_WARN_SUSPICIOUS_MOVE = YES;
				CLANG_WARN_UNGUARDED_AVAILABILITY = YES_AGGRESSIVE;
				CLANG_WARN_UNREACHABLE_CODE = YES;
				CLANG_WARN__DUPLICATE_METHOD_MATCH = YES;
				COPY_PHASE_STRIP = NO;
				DEBUG_INFORMATION_FORMAT = "dwarf-with-dsym";
				ENABLE_NS_ASSERTIONS = NO;
				ENABLE_STRICT_OBJC_MSGSEND = YES;
				GCC_C_LANGUAGE_STANDARD = gnu11;
				GCC_NO_COMMON_BLOCKS = YES;
				GCC_WARN_64_TO_32_BIT_CONVERSION = YES;
				GCC_WARN_ABOUT_RETURN_TYPE = YES_ERROR;
				GCC_WARN_UNDECLARED_SELECTOR = YES;
				GCC_WARN_UNINITIALIZED_AUTOS = YES_AGGRESSIVE;
				GCC_WARN_UNUSED_FUNCTION = YES;
				GCC_WARN_UNUSED_VARIABLE = YES;
				IPHONEOS_DEPLOYMENT_TARGET = 13.2;
				MTL_ENABLE_DEBUG_INFO = NO;
				MTL_FAST_MATH = YES;
				SDKROOT = iphoneos;
				VALIDATE_PRODUCT = YES;
			};
			name = Release;
		};
		1801FA482514891000693980 /* Debug */ = {
			isa = XCBuildConfiguration;
			buildSettings = {
				ASSETCATALOG_COMPILER_APPICON_NAME = AppIcon;
				CODE_SIGN_STYLE = Automatic;
				DEVELOPMENT_TEAM = ZDK27685C2;
				INFOPLIST_FILE = "002-光照/Info.plist";
				IPHONEOS_DEPLOYMENT_TARGET = 9.0;
				LD_RUNPATH_SEARCH_PATHS = (
					"$(inherited)",
					"@executable_path/Frameworks",
				);
				PRODUCT_BUNDLE_IDENTIFIER = "zyizyiz.-02---";
				PRODUCT_NAME = "$(TARGET_NAME)";
				TARGETED_DEVICE_FAMILY = "1,2";
			};
			name = Debug;
		};
		1801FA492514891000693980 /* Release */ = {
			isa = XCBuildConfiguration;
			buildSettings = {
				ASSETCATALOG_COMPILER_APPICON_NAME = AppIcon;
				CODE_SIGN_STYLE = Automatic;
				DEVELOPMENT_TEAM = ZDK27685C2;
				INFOPLIST_FILE = "002-光照/Info.plist";
				IPHONEOS_DEPLOYMENT_TARGET = 9.0;
				LD_RUNPATH_SEARCH_PATHS = (
					"$(inherited)",
					"@executable_path/Frameworks",
				);
				PRODUCT_BUNDLE_IDENTIFIER = "zyizyiz.-02---";
				PRODUCT_NAME = "$(TARGET_NAME)";
				TARGETED_DEVICE_FAMILY = "1,2";
			};
			name = Release;
		};
		1801FA4B2514891000693980 /* Debug */ = {
			isa = XCBuildConfiguration;
			buildSettings = {
				BUNDLE_LOADER = "$(TEST_HOST)";
				CODE_SIGN_STYLE = Automatic;
				DEVELOPMENT_TEAM = ZDK27685C2;
				INFOPLIST_FILE = "002-光照Tests/Info.plist";
				IPHONEOS_DEPLOYMENT_TARGET = 13.2;
				LD_RUNPATH_SEARCH_PATHS = (
					"$(inherited)",
					"@executable_path/Frameworks",
					"@loader_path/Frameworks",
				);
				PRODUCT_BUNDLE_IDENTIFIER = "zyizyiz.-02---Tests";
				PRODUCT_NAME = "$(TARGET_NAME)";
				TARGETED_DEVICE_FAMILY = "1,2";
				TEST_HOST = "$(BUILT_PRODUCTS_DIR)/002-光照.app/002-光照";
			};
			name = Debug;
		};
		1801FA4C2514891000693980 /* Release */ = {
			isa = XCBuildConfiguration;
			buildSettings = {
				BUNDLE_LOADER = "$(TEST_HOST)";
				CODE_SIGN_STYLE = Automatic;
				DEVELOPMENT_TEAM = ZDK27685C2;
				INFOPLIST_FILE = "002-光照Tests/Info.plist";
				IPHONEOS_DEPLOYMENT_TARGET = 13.2;
				LD_RUNPATH_SEARCH_PATHS = (
					"$(inherited)",
					"@executable_path/Frameworks",
					"@loader_path/Frameworks",
				);
				PRODUCT_BUNDLE_IDENTIFIER = "zyizyiz.-02---Tests";
				PRODUCT_NAME = "$(TARGET_NAME)";
				TARGETED_DEVICE_FAMILY = "1,2";
				TEST_HOST = "$(BUILT_PRODUCTS_DIR)/002-光照.app/002-光照";
			};
			name = Release;
		};
		1801FA4E2514891000693980 /* Debug */ = {
			isa = XCBuildConfiguration;
			buildSettings = {
				CODE_SIGN_STYLE = Automatic;
				DEVELOPMENT_TEAM = ZDK27685C2;
				INFOPLIST_FILE = "002-光照UITests/Info.plist";
				LD_RUNPATH_SEARCH_PATHS = (
					"$(inherited)",
					"@executable_path/Frameworks",
					"@loader_path/Frameworks",
				);
				PRODUCT_BUNDLE_IDENTIFIER = "zyizyiz.-02---UITests";
				PRODUCT_NAME = "$(TARGET_NAME)";
				TARGETED_DEVICE_FAMILY = "1,2";
				TEST_TARGET_NAME = "002-光照";
			};
			name = Debug;
		};
		1801FA4F2514891000693980 /* Release */ = {
			isa = XCBuildConfiguration;
			buildSettings = {
				CODE_SIGN_STYLE = Automatic;
				DEVELOPMENT_TEAM = ZDK27685C2;
				INFOPLIST_FILE = "002-光照UITests/Info.plist";
				LD_RUNPATH_SEARCH_PATHS = (
					"$(inherited)",
					"@executable_path/Frameworks",
					"@loader_path/Frameworks",
				);
				PRODUCT_BUNDLE_IDENTIFIER = "zyizyiz.-02---UITests";
				PRODUCT_NAME = "$(TARGET_NAME)";
				TARGETED_DEVICE_FAMILY = "1,2";
				TEST_TARGET_NAME = "002-光照";
			};
			name = Release;
		};
/* End XCBuildConfiguration section */

/* Begin XCConfigurationList section */
		1801FA132514890B00693980 /* Build configuration list for PBXProject "002-光照" */ = {
			isa = XCConfigurationList;
			buildConfigurations = (
				1801FA452514891000693980 /* Debug */,
				1801FA462514891000693980 /* Release */,
			);
			defaultConfigurationIsVisible = 0;
			defaultConfigurationName = Release;
		};
		1801FA472514891000693980 /* Build configuration list for PBXNativeTarget "002-光照" */ = {
			isa = XCConfigurationList;
			buildConfigurations = (
				1801FA482514891000693980 /* Debug */,
				1801FA492514891000693980 /* Release */,
			);
			defaultConfigurationIsVisible = 0;
			defaultConfigurationName = Release;
		};
		1801FA4A2514891000693980 /* Build configuration list for PBXNativeTarget "002-光照Tests" */ = {
			isa = XCConfigurationList;
			buildConfigurations = (
				1801FA4B2514891000693980 /* Debug */,
				1801FA4C2514891000693980 /* Release */,
			);
			defaultConfigurationIsVisible = 0;
			defaultConfigurationName = Release;
		};
		1801FA4D2514891000693980 /* Build configuration list for PBXNativeTarget "002-光照UITests" */ = {
			isa = XCConfigurationList;
			buildConfigurations = (
				1801FA4E2514891000693980 /* Debug */,
				1801FA4F2514891000693980 /* Release */,
			);
			defaultConfigurationIsVisible = 0;
			defaultConfigurationName = Release;
		};
/* End XCConfigurationList section */
	};
	rootObject = 1801FA102514890B00693980 /* Project object */;
}
